// !$*UTF8*$!
{
	archiveVersion = 1;
	classes = {
	};
	objectVersion = 77;
	objects = {

/* Begin PBXBuildFile section */
		27DF49FF75C21E93C3DDB1DE /* Pods_FlutterContainerDemoTests.framework in Frameworks */ = {isa = PBXBuildFile; fileRef = 0797EF2488088437F1B1271E /* Pods_FlutterContainerDemoTests.framework */; };
		5ECA9B64F7E6604E0A8EBC90 /* Pods_FlutterContainerDemo_FlutterContainerDemoUITests.framework in Frameworks */ = {isa = PBXBuildFile; fileRef = 96AD99DE17555FF4A1593D2F /* Pods_FlutterContainerDemo_FlutterContainerDemoUITests.framework */; };
		963E932B38CB26D0377429F9 /* Pods_FlutterContainerDemo.framework in Frameworks */ = {isa = PBXBuildFile; fileRef = 98797EA5347D479369F0BC55 /* Pods_FlutterContainerDemo.framework */; };
/* End PBXBuildFile section */

/* Begin PBXContainerItemProxy section */
		0CAC0FB42FF5099A00BC0270 /* PBXContainerItemProxy */ = {
			isa = PBXContainerItemProxy;
			containerPortal = 0CAC0F952FF5099700BC0270 /* Project object */;
			proxyType = 1;
			remoteGlobalIDString = 0CAC0F9C2FF5099700BC0270;
			remoteInfo = FlutterContainerDemo;
		};
		0CAC0FBE2FF5099A00BC0270 /* PBXContainerItemProxy */ = {
			isa = PBXContainerItemProxy;
			containerPortal = 0CAC0F952FF5099700BC0270 /* Project object */;
			proxyType = 1;
			remoteGlobalIDString = 0CAC0F9C2FF5099700BC0270;
			remoteInfo = FlutterContainerDemo;
		};
/* End PBXContainerItemProxy section */

/* Begin PBXFileReference section */
		0797EF2488088437F1B1271E /* Pods_FlutterContainerDemoTests.framework */ = {isa = PBXFileReference; explicitFileType = wrapper.framework; includeInIndex = 0; path = Pods_FlutterContainerDemoTests.framework; sourceTree = BUILT_PRODUCTS_DIR; };
		0CAC0F9D2FF5099700BC0270 /* FlutterContainerDemo.app */ = {isa = PBXFileReference; explicitFileType = wrapper.application; includeInIndex = 0; path = FlutterContainerDemo.app; sourceTree = BUILT_PRODUCTS_DIR; };
		0CAC0FB32FF5099A00BC0270 /* FlutterContainerDemoTests.xctest */ = {isa = PBXFileReference; explicitFileType = wrapper.cfbundle; includeInIndex = 0; path = FlutterContainerDemoTests.xctest; sourceTree = BUILT_PRODUCTS_DIR; };
		0CAC0FBD2FF5099A00BC0270 /* FlutterContainerDemoUITests.xctest */ = {isa = PBXFileReference; explicitFileType = wrapper.cfbundle; includeInIndex = 0; path = FlutterContainerDemoUITests.xctest; sourceTree = BUILT_PRODUCTS_DIR; };
		2A527130DF269F418EEBEEB7 /* Pods-FlutterContainerDemo.release.xcconfig */ = {isa = PBXFileReference; includeInIndex = 1; lastKnownFileType = text.xcconfig; name = "Pods-FlutterContainerDemo.release.xcconfig"; path = "Target Support Files/Pods-FlutterContainerDemo/Pods-FlutterContainerDemo.release.xcconfig"; sourceTree = "<group>"; };
		6CA6D49C38A783689EA2602C /* Pods-FlutterContainerDemoTests.release.xcconfig */ = {isa = PBXFileReference; includeInIndex = 1; lastKnownFileType = text.xcconfig; name = "Pods-FlutterContainerDemoTests.release.xcconfig"; path = "Target Support Files/Pods-FlutterContainerDemoTests/Pods-FlutterContainerDemoTests.release.xcconfig"; sourceTree = "<group>"; };
		9392F8C8114AE96552348503 /* Pods-FlutterContainerDemo-FlutterContainerDemoUITests.debug.xcconfig */ = {isa = PBXFileReference; includeInIndex = 1; lastKnownFileType = text.xcconfig; name = "Pods-FlutterContainerDemo-FlutterContainerDemoUITests.debug.xcconfig"; path = "Target Support Files/Pods-FlutterContainerDemo-FlutterContainerDemoUITests/Pods-FlutterContainerDemo-FlutterContainerDemoUITests.debug.xcconfig"; sourceTree = "<group>"; };
		96AD99DE17555FF4A1593D2F /* Pods_FlutterContainerDemo_FlutterContainerDemoUITests.framework */ = {isa = PBXFileReference; explicitFileType = wrapper.framework; includeInIndex = 0; path = Pods_FlutterContainerDemo_FlutterContainerDemoUITests.framework; sourceTree = BUILT_PRODUCTS_DIR; };
		98797EA5347D479369F0BC55 /* Pods_FlutterContainerDemo.framework */ = {isa = PBXFileReference; explicitFileType = wrapper.framework; includeInIndex = 0; path = Pods_FlutterContainerDemo.framework; sourceTree = BUILT_PRODUCTS_DIR; };
		BC14840B42473ACD6C2DACBC /* Pods-FlutterContainerDemo.debug.xcconfig */ = {isa = PBXFileReference; includeInIndex = 1; lastKnownFileType = text.xcconfig; name = "Pods-FlutterContainerDemo.debug.xcconfig"; path = "Target Support Files/Pods-FlutterContainerDemo/Pods-FlutterContainerDemo.debug.xcconfig"; sourceTree = "<group>"; };
		CE7BEC2F3CFAD0D8C885EC81 /* Pods-FlutterContainerDemoTests.debug.xcconfig */ = {isa = PBXFileReference; includeInIndex = 1; lastKnownFileType = text.xcconfig; name = "Pods-FlutterContainerDemoTests.debug.xcconfig"; path = "Target Support Files/Pods-FlutterContainerDemoTests/Pods-FlutterContainerDemoTests.debug.xcconfig"; sourceTree = "<group>"; };
		F477B6232094E9E4E0EDE4C9 /* Pods-FlutterContainerDemo-FlutterContainerDemoUITests.release.xcconfig */ = {isa = PBXFileReference; includeInIndex = 1; lastKnownFileType = text.xcconfig; name = "Pods-FlutterContainerDemo-FlutterContainerDemoUITests.release.xcconfig"; path = "Target Support Files/Pods-FlutterContainerDemo-FlutterContainerDemoUITests/Pods-FlutterContainerDemo-FlutterContainerDemoUITests.release.xcconfig"; sourceTree = "<group>"; };
/* End PBXFileReference section */

/* Begin PBXFileSystemSynchronizedBuildFileExceptionSet section */
		0CAC0FC52FF5099A00BC0270 /* Exceptions for "FlutterContainerDemo" folder in "FlutterContainerDemo" target */ = {
			isa = PBXFileSystemSynchronizedBuildFileExceptionSet;
			membershipExceptions = (
				Info.plist,
			);
			target = 0CAC0F9C2FF5099700BC0270 /* FlutterContainerDemo */;
		};
/* End PBXFileSystemSynchronizedBuildFileExceptionSet section */

/* Begin PBXFileSystemSynchronizedRootGroup section */
		0CAC0F9F2FF5099700BC0270 /* FlutterContainerDemo */ = {
			isa = PBXFileSystemSynchronizedRootGroup;
			exceptions = (
				0CAC0FC52FF5099A00BC0270 /* Exceptions for "FlutterContainerDemo" folder in "FlutterContainerDemo" target */,
			);
			path = FlutterContainerDemo;
			sourceTree = "<group>";
		};
		0CAC0FB62FF5099A00BC0270 /* FlutterContainerDemoTests */ = {
			isa = PBXFileSystemSynchronizedRootGroup;
			exceptions = (
			);
			path = FlutterContainerDemoTests;
			sourceTree = "<group>";
		};
		0CAC0FC02FF5099A00BC0270 /* FlutterContainerDemoUITests */ = {
			isa = PBXFileSystemSynchronizedRootGroup;
			exceptions = (
			);
			path = FlutterContainerDemoUITests;
			sourceTree = "<group>";
		};
/* End PBXFileSystemSynchronizedRootGroup section */

/* Begin PBXFrameworksBuildPhase section */
		0CAC0F9A2FF5099700BC0270 /* Frameworks */ = {
			isa = PBXFrameworksBuildPhase;
			buildActionMask = 2147483647;
			files = (
				963E932B38CB26D0377429F9 /* Pods_FlutterContainerDemo.framework in Frameworks */,
			);
			runOnlyForDeploymentPostprocessing = 0;
		};
		0CAC0FB02FF5099A00BC0270 /* Frameworks */ = {
			isa = PBXFrameworksBuildPhase;
			buildActionMask = 2147483647;
			files = (
				27DF49FF75C21E93C3DDB1DE /* Pods_FlutterContainerDemoTests.framework in Frameworks */,
			);
			runOnlyForDeploymentPostprocessing = 0;
		};
		0CAC0FBA2FF5099A00BC0270 /* Frameworks */ = {
			isa = PBXFrameworksBuildPhase;
			buildActionMask = 2147483647;
			files = (
				5ECA9B64F7E6604E0A8EBC90 /* Pods_FlutterContainerDemo_FlutterContainerDemoUITests.framework in Frameworks */,
			);
			runOnlyForDeploymentPostprocessing = 0;
		};
/* End PBXFrameworksBuildPhase section */

/* Begin PBXGroup section */
		0CAC0F942FF5099700BC0270 = {
			isa = PBXGroup;
			children = (
				0CAC0F9F2FF5099700BC0270 /* FlutterContainerDemo */,
				0CAC0FB62FF5099A00BC0270 /* FlutterContainerDemoTests */,
				0CAC0FC02FF5099A00BC0270 /* FlutterContainerDemoUITests */,
				0CAC0F9E2FF5099700BC0270 /* Products */,
				A2EBA8E5B32E1AF307173434 /* Pods */,
				FC338900BDFA1E2A15C2F069 /* Frameworks */,
			);
			sourceTree = "<group>";
		};
		0CAC0F9E2FF5099700BC0270 /* Products */ = {
			isa = PBXGroup;
			children = (
				0CAC0F9D2FF5099700BC0270 /* FlutterContainerDemo.app */,
				0CAC0FB32FF5099A00BC0270 /* FlutterContainerDemoTests.xctest */,
				0CAC0FBD2FF5099A00BC0270 /* FlutterContainerDemoUITests.xctest */,
			);
			name = Products;
			sourceTree = "<group>";
		};
		A2EBA8E5B32E1AF307173434 /* Pods */ = {
			isa = PBXGroup;
			children = (
				BC14840B42473ACD6C2DACBC /* Pods-FlutterContainerDemo.debug.xcconfig */,
				2A527130DF269F418EEBEEB7 /* Pods-FlutterContainerDemo.release.xcconfig */,
				9392F8C8114AE96552348503 /* Pods-FlutterContainerDemo-FlutterContainerDemoUITests.debug.xcconfig */,
				F477B6232094E9E4E0EDE4C9 /* Pods-FlutterContainerDemo-FlutterContainerDemoUITests.release.xcconfig */,
				CE7BEC2F3CFAD0D8C885EC81 /* Pods-FlutterContainerDemoTests.debug.xcconfig */,
				6CA6D49C38A783689EA2602C /* Pods-FlutterContainerDemoTests.release.xcconfig */,
			);
			path = Pods;
			sourceTree = "<group>";
		};
		FC338900BDFA1E2A15C2F069 /* Frameworks */ = {
			isa = PBXGroup;
			children = (
				98797EA5347D479369F0BC55 /* Pods_FlutterContainerDemo.framework */,
				96AD99DE17555FF4A1593D2F /* Pods_FlutterContainerDemo_FlutterContainerDemoUITests.framework */,
				0797EF2488088437F1B1271E /* Pods_FlutterContainerDemoTests.framework */,
			);
			name = Frameworks;
			sourceTree = "<group>";
		};
/* End PBXGroup section */

/* Begin PBXNativeTarget section */
		0CAC0F9C2FF5099700BC0270 /* FlutterContainerDemo */ = {
			isa = PBXNativeTarget;
			buildConfigurationList = 0CAC0FC62FF5099A00BC0270 /* Build configuration list for PBXNativeTarget "FlutterContainerDemo" */;
			buildPhases = (
				0359854088FDEDAB51E3BC4A /* [CP] Check Pods Manifest.lock */,
				A8DB14A047A78204AAFCFD7D /* [CP-User] Run Flutter Build flutter_module Script */,
				0CAC0F992FF5099700BC0270 /* Sources */,
				0CAC0F9A2FF5099700BC0270 /* Frameworks */,
				0CAC0F9B2FF5099700BC0270 /* Resources */,
				0C88CAD23EDA940DE2EEFA65 /* [CP-User] Embed Flutter Build flutter_module Script */,
				CECAF1AC1CCAAFF8181FB175 /* [CP] Embed Pods Frameworks */,
			);
			buildRules = (
			);
			dependencies = (
			);
			fileSystemSynchronizedGroups = (
				0CAC0F9F2FF5099700BC0270 /* FlutterContainerDemo */,
			);
			name = FlutterContainerDemo;
			productName = FlutterContainerDemo;
			productReference = 0CAC0F9D2FF5099700BC0270 /* FlutterContainerDemo.app */;
			productType = "com.apple.product-type.application";
		};
		0CAC0FB22FF5099A00BC0270 /* FlutterContainerDemoTests */ = {
			isa = PBXNativeTarget;
			buildConfigurationList = 0CAC0FCB2FF5099A00BC0270 /* Build configuration list for PBXNativeTarget "FlutterContainerDemoTests" */;
			buildPhases = (
				8236CF835CA4B7BF93D740A0 /* [CP] Check Pods Manifest.lock */,
				0CAC0FAF2FF5099A00BC0270 /* Sources */,
				0CAC0FB02FF5099A00BC0270 /* Frameworks */,
				0CAC0FB12FF5099A00BC0270 /* Resources */,
			);
			buildRules = (
			);
			dependencies = (
				0CAC0FB52FF5099A00BC0270 /* PBXTargetDependency */,
			);
			fileSystemSynchronizedGroups = (
				0CAC0FB62FF5099A00BC0270 /* FlutterContainerDemoTests */,
			);
			name = FlutterContainerDemoTests;
			productName = FlutterContainerDemoTests;
			productReference = 0CAC0FB32FF5099A00BC0270 /* FlutterContainerDemoTests.xctest */;
			productType = "com.apple.product-type.bundle.unit-test";
		};
		0CAC0FBC2FF5099A00BC0270 /* FlutterContainerDemoUITests */ = {
			isa = PBXNativeTarget;
			buildConfigurationList = 0CAC0FCE2FF5099A00BC0270 /* Build configuration list for PBXNativeTarget "FlutterContainerDemoUITests" */;
			buildPhases = (
				3FAC2CA9A99219D729B00DD0 /* [CP] Check Pods Manifest.lock */,
				0CAC0FB92FF5099A00BC0270 /* Sources */,
				0CAC0FBA2FF5099A00BC0270 /* Frameworks */,
				0CAC0FBB2FF5099A00BC0270 /* Resources */,
				AA9772C9F9AC89A94F3F1730 /* [CP] Embed Pods Frameworks */,
			);
			buildRules = (
			);
			dependencies = (
				0CAC0FBF2FF5099A00BC0270 /* PBXTargetDependency */,
			);
			fileSystemSynchronizedGroups = (
				0CAC0FC02FF5099A00BC0270 /* FlutterContainerDemoUITests */,
			);
			name = FlutterContainerDemoUITests;
			productName = FlutterContainerDemoUITests;
			productReference = 0CAC0FBD2FF5099A00BC0270 /* FlutterContainerDemoUITests.xctest */;
			productType = "com.apple.product-type.bundle.ui-testing";
		};
/* End PBXNativeTarget section */

/* Begin PBXProject section */
		0CAC0F952FF5099700BC0270 /* Project object */ = {
			isa = PBXProject;
			attributes = {
				BuildIndependentTargetsInParallel = 1;
				LastSwiftUpdateCheck = 1620;
				LastUpgradeCheck = 1620;
				TargetAttributes = {
					0CAC0F9C2FF5099700BC0270 = {
						CreatedOnToolsVersion = 16.2;
					};
					0CAC0FB22FF5099A00BC0270 = {
						CreatedOnToolsVersion = 16.2;
						TestTargetID = 0CAC0F9C2FF5099700BC0270;
					};
					0CAC0FBC2FF5099A00BC0270 = {
						CreatedOnToolsVersion = 16.2;
						TestTargetID = 0CAC0F9C2FF5099700BC0270;
					};
				};
			};
			buildConfigurationList = 0CAC0F982FF5099700BC0270 /* Build configuration list for PBXProject "FlutterContainerDemo" */;
			developmentRegion = en;
			hasScannedForEncodings = 0;
			knownRegions = (
				en,
				Base,
			);
			mainGroup = 0CAC0F942FF5099700BC0270;
			minimizedProjectReferenceProxies = 1;
			preferredProjectObjectVersion = 77;
			productRefGroup = 0CAC0F9E2FF5099700BC0270 /* Products */;
			projectDirPath = "";
			projectRoot = "";
			targets = (
				0CAC0F9C2FF5099700BC0270 /* FlutterContainerDemo */,
				0CAC0FB22FF5099A00BC0270 /* FlutterContainerDemoTests */,
				0CAC0FBC2FF5099A00BC0270 /* FlutterContainerDemoUITests */,
			);
		};
/* End PBXProject section */

/* Begin PBXResourcesBuildPhase section */
		0CAC0F9B2FF5099700BC0270 /* Resources */ = {
			isa = PBXResourcesBuildPhase;
			buildActionMask = 2147483647;
			files = (
			);
			runOnlyForDeploymentPostprocessing = 0;
		};
		0CAC0FB12FF5099A00BC0270 /* Resources */ = {
			isa = PBXResourcesBuildPhase;
			buildActionMask = 2147483647;
			files = (
			);
			runOnlyForDeploymentPostprocessing = 0;
		};
		0CAC0FBB2FF5099A00BC0270 /* Resources */ = {
			isa = PBXResourcesBuildPhase;
			buildActionMask = 2147483647;
			files = (
			);
			runOnlyForDeploymentPostprocessing = 0;
		};
/* End PBXResourcesBuildPhase section */

/* Begin PBXShellScriptBuildPhase section */
		0359854088FDEDAB51E3BC4A /* [CP] Check Pods Manifest.lock */ = {
			isa = PBXShellScriptBuildPhase;
			buildActionMask = 2147483647;
			files = (
			);
			inputFileListPaths = (
			);
			inputPaths = (
				"${PODS_PODFILE_DIR_PATH}/Podfile.lock",
				"${PODS_ROOT}/Manifest.lock",
			);
			name = "[CP] Check Pods Manifest.lock";
			outputFileListPaths = (
			);
			outputPaths = (
				"$(DERIVED_FILE_DIR)/Pods-FlutterContainerDemo-checkManifestLockResult.txt",
			);
			runOnlyForDeploymentPostprocessing = 0;
			shellPath = /bin/sh;
			shellScript = "diff \"${PODS_PODFILE_DIR_PATH}/Podfile.lock\" \"${PODS_ROOT}/Manifest.lock\" > /dev/null\nif [ $? != 0 ] ; then\n    # print error to STDERR\n    echo \"error: The sandbox is not in sync with the Podfile.lock. Run 'pod install' or update your CocoaPods installation.\" >&2\n    exit 1\nfi\n# This output is used by Xcode 'outputs' to avoid re-running this script phase.\necho \"SUCCESS\" > \"${SCRIPT_OUTPUT_FILE_0}\"\n";
			showEnvVarsInLog = 0;
		};
		0C88CAD23EDA940DE2EEFA65 /* [CP-User] Embed Flutter Build flutter_module Script */ = {
			isa = PBXShellScriptBuildPhase;
			buildActionMask = 2147483647;
			files = (
			);
			name = "[CP-User] Embed Flutter Build flutter_module Script";
			runOnlyForDeploymentPostprocessing = 0;
			shellPath = /bin/sh;
			shellScript = "set -e\nset -u\nsource \"${SRCROOT}/../flutter_module/.ios/Flutter/flutter_export_environment.sh\"\nexport VERBOSE_SCRIPT_LOGGING=1 && \"$FLUTTER_ROOT\"/packages/flutter_tools/bin/xcode_backend.sh embed_and_thin";
		};
		3FAC2CA9A99219D729B00DD0 /* [CP] Check Pods Manifest.lock */ = {
			isa = PBXShellScriptBuildPhase;
			buildActionMask = 2147483647;
			files = (
			);
			inputFileListPaths = (
			);
			inputPaths = (
				"${PODS_PODFILE_DIR_PATH}/Podfile.lock",
				"${PODS_ROOT}/Manifest.lock",
			);
			name = "[CP] Check Pods Manifest.lock";
			outputFileListPaths = (
			);
			outputPaths = (
				"$(DERIVED_FILE_DIR)/Pods-FlutterContainerDemo-FlutterContainerDemoUITests-checkManifestLockResult.txt",
			);
			runOnlyForDeploymentPostprocessing = 0;
			shellPath = /bin/sh;
			shellScript = "diff \"${PODS_PODFILE_DIR_PATH}/Podfile.lock\" \"${PODS_ROOT}/Manifest.lock\" > /dev/null\nif [ $? != 0 ] ; then\n    # print error to STDERR\n    echo \"error: The sandbox is not in sync with the Podfile.lock. Run 'pod install' or update your CocoaPods installation.\" >&2\n    exit 1\nfi\n# This output is used by Xcode 'outputs' to avoid re-running this script phase.\necho \"SUCCESS\" > \"${SCRIPT_OUTPUT_FILE_0}\"\n";
			showEnvVarsInLog = 0;
		};
		8236CF835CA4B7BF93D740A0 /* [CP] Check Pods Manifest.lock */ = {
			isa = PBXShellScriptBuildPhase;
			buildActionMask = 2147483647;
			files = (
			);
			inputFileListPaths = (
			);
			inputPaths = (
				"${PODS_PODFILE_DIR_PATH}/Podfile.lock",
				"${PODS_ROOT}/Manifest.lock",
			);
			name = "[CP] Check Pods Manifest.lock";
			outputFileListPaths = (
			);
			outputPaths = (
				"$(DERIVED_FILE_DIR)/Pods-FlutterContainerDemoTests-checkManifestLockResult.txt",
			);
			runOnlyForDeploymentPostprocessing = 0;
			shellPath = /bin/sh;
			shellScript = "diff \"${PODS_PODFILE_DIR_PATH}/Podfile.lock\" \"${PODS_ROOT}/Manifest.lock\" > /dev/null\nif [ $? != 0 ] ; then\n    # print error to STDERR\n    echo \"error: The sandbox is not in sync with the Podfile.lock. Run 'pod install' or update your CocoaPods installation.\" >&2\n    exit 1\nfi\n# This output is used by Xcode 'outputs' to avoid re-running this script phase.\necho \"SUCCESS\" > \"${SCRIPT_OUTPUT_FILE_0}\"\n";
			showEnvVarsInLog = 0;
		};
		A8DB14A047A78204AAFCFD7D /* [CP-User] Run Flutter Build flutter_module Script */ = {
			isa = PBXShellScriptBuildPhase;
			buildActionMask = 2147483647;
			files = (
			);
			name = "[CP-User] Run Flutter Build flutter_module Script";
			runOnlyForDeploymentPostprocessing = 0;
			shellPath = /bin/sh;
			shellScript = "set -e\nset -u\nsource \"${SRCROOT}/../flutter_module/.ios/Flutter/flutter_export_environment.sh\"\nexport VERBOSE_SCRIPT_LOGGING=1 && \"$FLUTTER_ROOT\"/packages/flutter_tools/bin/xcode_backend.sh build";
		};
		AA9772C9F9AC89A94F3F1730 /* [CP] Embed Pods Frameworks */ = {
			isa = PBXShellScriptBuildPhase;
			buildActionMask = 2147483647;
			files = (
			);
			inputFileListPaths = (
				"${PODS_ROOT}/Target Support Files/Pods-FlutterContainerDemo-FlutterContainerDemoUITests/Pods-FlutterContainerDemo-FlutterContainerDemoUITests-frameworks-${CONFIGURATION}-input-files.xcfilelist",
			);
			name = "[CP] Embed Pods Frameworks";
			outputFileListPaths = (
				"${PODS_ROOT}/Target Support Files/Pods-FlutterContainerDemo-FlutterContainerDemoUITests/Pods-FlutterContainerDemo-FlutterContainerDemoUITests-frameworks-${CONFIGURATION}-output-files.xcfilelist",
			);
			runOnlyForDeploymentPostprocessing = 0;
			shellPath = /bin/sh;
			shellScript = "\"${PODS_ROOT}/Target Support Files/Pods-FlutterContainerDemo-FlutterContainerDemoUITests/Pods-FlutterContainerDemo-FlutterContainerDemoUITests-frameworks.sh\"\n";
			showEnvVarsInLog = 0;
		};
		CECAF1AC1CCAAFF8181FB175 /* [CP] Embed Pods Frameworks */ = {
			isa = PBXShellScriptBuildPhase;
			buildActionMask = 2147483647;
			files = (
			);
			inputFileListPaths = (
				"${PODS_ROOT}/Target Support Files/Pods-FlutterContainerDemo/Pods-FlutterContainerDemo-frameworks-${CONFIGURATION}-input-files.xcfilelist",
			);
			name = "[CP] Embed Pods Frameworks";
			outputFileListPaths = (
				"${PODS_ROOT}/Target Support Files/Pods-FlutterContainerDemo/Pods-FlutterContainerDemo-frameworks-${CONFIGURATION}-output-files.xcfilelist",
			);
			runOnlyForDeploymentPostprocessing = 0;
			shellPath = /bin/sh;
			shellScript = "\"${PODS_ROOT}/Target Support Files/Pods-FlutterContainerDemo/Pods-FlutterContainerDemo-frameworks.sh\"\n";
			showEnvVarsInLog = 0;
		};
/* End PBXShellScriptBuildPhase section */

/* Begin PBXSourcesBuildPhase section */
		0CAC0F992FF5099700BC0270 /* Sources */ = {
			isa = PBXSourcesBuildPhase;
			buildActionMask = 2147483647;
			files = (
			);
			runOnlyForDeploymentPostprocessing = 0;
		};
		0CAC0FAF2FF5099A00BC0270 /* Sources */ = {
			isa = PBXSourcesBuildPhase;
			buildActionMask = 2147483647;
			files = (
			);
			runOnlyForDeploymentPostprocessing = 0;
		};
		0CAC0FB92FF5099A00BC0270 /* Sources */ = {
			isa = PBXSourcesBuildPhase;
			buildActionMask = 2147483647;
			files = (
			);
			runOnlyForDeploymentPostprocessing = 0;
		};
/* End PBXSourcesBuildPhase section */

/* Begin PBXTargetDependency section */
		0CAC0FB52FF5099A00BC0270 /* PBXTargetDependency */ = {
			isa = PBXTargetDependency;
			target = 0CAC0F9C2FF5099700BC0270 /* FlutterContainerDemo */;
			targetProxy = 0CAC0FB42FF5099A00BC0270 /* PBXContainerItemProxy */;
		};
		0CAC0FBF2FF5099A00BC0270 /* PBXTargetDependency */ = {
			isa = PBXTargetDependency;
			target = 0CAC0F9C2FF5099700BC0270 /* FlutterContainerDemo */;
			targetProxy = 0CAC0FBE2FF5099A00BC0270 /* PBXContainerItemProxy */;
		};
/* End PBXTargetDependency section */

/* Begin XCBuildConfiguration section */
		0CAC0FC72FF5099A00BC0270 /* Debug */ = {
			isa = XCBuildConfiguration;
			baseConfigurationReference = BC14840B42473ACD6C2DACBC /* Pods-FlutterContainerDemo.debug.xcconfig */;
			buildSettings = {
				ASSETCATALOG_COMPILER_APPICON_NAME = AppIcon;
				ASSETCATALOG_COMPILER_GLOBAL_ACCENT_COLOR_NAME = AccentColor;
				CODE_SIGN_STYLE = Automatic;
				CURRENT_PROJECT_VERSION = 1;
				GENERATE_INFOPLIST_FILE = YES;
				INFOPLIST_FILE = FlutterContainerDemo/Info.plist;
				INFOPLIST_KEY_UIApplicationSupportsIndirectInputEvents = YES;
				INFOPLIST_KEY_UILaunchStoryboardName = LaunchScreen;
				INFOPLIST_KEY_UIMainStoryboardFile = Main;
				INFOPLIST_KEY_UISupportedInterfaceOrientations_iPad = "UIInterfaceOrientationPortrait UIInterfaceOrientationPortraitUpsideDown UIInterfaceOrientationLandscapeLeft UIInterfaceOrientationLandscapeRight";
				INFOPLIST_KEY_UISupportedInterfaceOrientations_iPhone = "UIInterfaceOrientationPortrait UIInterfaceOrientationLandscapeLeft UIInterfaceOrientationLandscapeRight";
				LD_RUNPATH_SEARCH_PATHS = (
					"$(inherited)",
					"@executable_path/Frameworks",
				);
				MARKETING_VERSION = 1.0;
				PRODUCT_BUNDLE_IDENTIFIER = com.maocf.FlutterContainerDemo;
				PRODUCT_NAME = "$(TARGET_NAME)";
				SWIFT_EMIT_LOC_STRINGS = YES;
				SWIFT_VERSION = 5.0;
				TARGETED_DEVICE_FAMILY = "1,2";
			};
			name = Debug;
		};
		0CAC0FC82FF5099A00BC0270 /* Release */ = {
			isa = XCBuildConfiguration;
			baseConfigurationReference = 2A527130DF269F418EEBEEB7 /* Pods-FlutterContainerDemo.release.xcconfig */;
			buildSettings = {
				ASSETCATALOG_COMPILER_APPICON_NAME = AppIcon;
				ASSETCATALOG_COMPILER_GLOBAL_ACCENT_COLOR_NAME = AccentColor;
				CODE_SIGN_STYLE = Automatic;
				CURRENT_PROJECT_VERSION = 1;
				GENERATE_INFOPLIST_FILE = YES;
				INFOPLIST_FILE = FlutterContainerDemo/Info.plist;
				INFOPLIST_KEY_UIApplicationSupportsIndirectInputEvents = YES;
				INFOPLIST_KEY_UILaunchStoryboardName = LaunchScreen;
				INFOPLIST_KEY_UIMainStoryboardFile = Main;
				INFOPLIST_KEY_UISupportedInterfaceOrientations_iPad = "UIInterfaceOrientationPortrait UIInterfaceOrientationPortraitUpsideDown UIInterfaceOrientationLandscapeLeft UIInterfaceOrientationLandscapeRight";
				INFOPLIST_KEY_UISupportedInterfaceOrientations_iPhone = "UIInterfaceOrientationPortrait UIInterfaceOrientationLandscapeLeft UIInterfaceOrientationLandscapeRight";
				LD_RUNPATH_SEARCH_PATHS = (
					"$(inherited)",
					"@executable_path/Frameworks",
				);
				MARKETING_VERSION = 1.0;
				PRODUCT_BUNDLE_IDENTIFIER = com.maocf.FlutterContainerDemo;
				PRODUCT_NAME = "$(TARGET_NAME)";
				SWIFT_EMIT_LOC_STRINGS = YES;
				SWIFT_VERSION = 5.0;
				TARGETED_DEVICE_FAMILY = "1,2";
			};
			name = Release;
		};
		0CAC0FC92FF5099A00BC0270 /* Debug */ = {
			isa = XCBuildConfiguration;
			buildSettings = {
				ALWAYS_SEARCH_USER_PATHS = NO;
				ASSETCATALOG_COMPILER_GENERATE_SWIFT_ASSET_SYMBOL_EXTENSIONS = YES;
				CLANG_ANALYZER_NONNULL = YES;
				CLANG_ANALYZER_NUMBER_OBJECT_CONVERSION = YES_AGGRESSIVE;
				CLANG_CXX_LANGUAGE_STANDARD = "gnu++20";
				CLANG_ENABLE_MODULES = YES;
				CLANG_ENABLE_OBJC_ARC = YES;
				CLANG_ENABLE_OBJC_WEAK = YES;
				CLANG_WARN_BLOCK_CAPTURE_AUTORELEASING = YES;
				CLANG_WARN_BOOL_CONVERSION = YES;
				CLANG_WARN_COMMA = YES;
				CLANG_WARN_CONSTANT_CONVERSION = YES;
				CLANG_WARN_DEPRECATED_OBJC_IMPLEMENTATIONS = YES;
				CLANG_WARN_DIRECT_OBJC_ISA_USAGE = YES_ERROR;
				CLANG_WARN_DOCUMENTATION_COMMENTS = YES;
				CLANG_WARN_EMPTY_BODY = YES;
				CLANG_WARN_ENUM_CONVERSION = YES;
				CLANG_WARN_INFINITE_RECURSION = YES;
				CLANG_WARN_INT_CONVERSION = YES;
				CLANG_WARN_NON_LITERAL_NULL_CONVERSION = YES;
				CLANG_WARN_OBJC_IMPLICIT_RETAIN_SELF = YES;
				CLANG_WARN_OBJC_LITERAL_CONVERSION = YES;
				CLANG_WARN_OBJC_ROOT_CLASS = YES_ERROR;
				CLANG_WARN_QUOTED_INCLUDE_IN_FRAMEWORK_HEADER = YES;
				CLANG_WARN_RANGE_LOOP_ANALYSIS = YES;
				CLANG_WARN_STRICT_PROTOTYPES = YES;
				CLANG_WARN_SUSPICIOUS_MOVE = YES;
				CLANG_WARN_UNGUARDED_AVAILABILITY = YES_AGGRESSIVE;
				CLANG_WARN_UNREACHABLE_CODE = YES;
				CLANG_WARN__DUPLICATE_METHOD_MATCH = YES;
				COPY_PHASE_STRIP = NO;
				DEBUG_INFORMATION_FORMAT = dwarf;
				ENABLE_STRICT_OBJC_MSGSEND = YES;
				ENABLE_TESTABILITY = YES;
				ENABLE_USER_SCRIPT_SANDBOXING = NO;
				GCC_C_LANGUAGE_STANDARD = gnu17;
				GCC_DYNAMIC_NO_PIC = NO;
				GCC_NO_COMMON_BLOCKS = YES;
				GCC_OPTIMIZATION_LEVEL = 0;
				GCC_PREPROCESSOR_DEFINITIONS = (
					"DEBUG=1",
					"$(inherited)",
				);
				GCC_WARN_64_TO_32_BIT_CONVERSION = YES;
				GCC_WARN_ABOUT_RETURN_TYPE = YES_ERROR;
				GCC_WARN_UNDECLARED_SELECTOR = YES;
				GCC_WARN_UNINITIALIZED_AUTOS = YES_AGGRESSIVE;
				GCC_WARN_UNUSED_FUNCTION = YES;
				GCC_WARN_UNUSED_VARIABLE = YES;
				IPHONEOS_DEPLOYMENT_TARGET = 18.2;
				LOCALIZATION_PREFERS_STRING_CATALOGS = YES;
				MTL_ENABLE_DEBUG_INFO = INCLUDE_SOURCE;
				MTL_FAST_MATH = YES;
				ONLY_ACTIVE_ARCH = YES;
				SDKROOT = iphoneos;
				SWIFT_ACTIVE_COMPILATION_CONDITIONS = "DEBUG $(inherited)";
				SWIFT_OPTIMIZATION_LEVEL = "-Onone";
			};
			name = Debug;
		};
		0CAC0FCA2FF5099A00BC0270 /* Release */ = {
			isa = XCBuildConfiguration;
			buildSettings = {
				ALWAYS_SEARCH_USER_PATHS = NO;
				ASSETCATALOG_COMPILER_GENERATE_SWIFT_ASSET_SYMBOL_EXTENSIONS = YES;
				CLANG_ANALYZER_NONNULL = YES;
				CLANG_ANALYZER_NUMBER_OBJECT_CONVERSION = YES_AGGRESSIVE;
				CLANG_CXX_LANGUAGE_STANDARD = "gnu++20";
				CLANG_ENABLE_MODULES = YES;
				CLANG_ENABLE_OBJC_ARC = YES;
				CLANG_ENABLE_OBJC_WEAK = YES;
				CLANG_WARN_BLOCK_CAPTURE_AUTORELEASING = YES;
				CLANG_WARN_BOOL_CONVERSION = YES;
				CLANG_WARN_COMMA = YES;
				CLANG_WARN_CONSTANT_CONVERSION = YES;
				CLANG_WARN_DEPRECATED_OBJC_IMPLEMENTATIONS = YES;
				CLANG_WARN_DIRECT_OBJC_ISA_USAGE = YES_ERROR;
				CLANG_WARN_DOCUMENTATION_COMMENTS = YES;
				CLANG_WARN_EMPTY_BODY = YES;
				CLANG_WARN_ENUM_CONVERSION = YES;
				CLANG_WARN_INFINITE_RECURSION = YES;
				CLANG_WARN_INT_CONVERSION = YES;
				CLANG_WARN_NON_LITERAL_NULL_CONVERSION = YES;
				CLANG_WARN_OBJC_IMPLICIT_RETAIN_SELF = YES;
				CLANG_WARN_OBJC_LITERAL_CONVERSION = YES;
				CLANG_WARN_OBJC_ROOT_CLASS = YES_ERROR;
				CLANG_WARN_QUOTED_INCLUDE_IN_FRAMEWORK_HEADER = YES;
				CLANG_WARN_RANGE_LOOP_ANALYSIS = YES;
				CLANG_WARN_STRICT_PROTOTYPES = YES;
				CLANG_WARN_SUSPICIOUS_MOVE = YES;
				CLANG_WARN_UNGUARDED_AVAILABILITY = YES_AGGRESSIVE;
				CLANG_WARN_UNREACHABLE_CODE = YES;
				CLANG_WARN__DUPLICATE_METHOD_MATCH = YES;
				COPY_PHASE_STRIP = NO;
				DEBUG_INFORMATION_FORMAT = "dwarf-with-dsym";
				ENABLE_NS_ASSERTIONS = NO;
				ENABLE_STRICT_OBJC_MSGSEND = YES;
				ENABLE_USER_SCRIPT_SANDBOXING = NO;
				GCC_C_LANGUAGE_STANDARD = gnu17;
				GCC_NO_COMMON_BLOCKS = YES;
				GCC_WARN_64_TO_32_BIT_CONVERSION = YES;
				GCC_WARN_ABOUT_RETURN_TYPE = YES_ERROR;
				GCC_WARN_UNDECLARED_SELECTOR = YES;
				GCC_WARN_UNINITIALIZED_AUTOS = YES_AGGRESSIVE;
				GCC_WARN_UNUSED_FUNCTION = YES;
				GCC_WARN_UNUSED_VARIABLE = YES;
				IPHONEOS_DEPLOYMENT_TARGET = 18.2;
				LOCALIZATION_PREFERS_STRING_CATALOGS = YES;
				MTL_ENABLE_DEBUG_INFO = NO;
				MTL_FAST_MATH = YES;
				SDKROOT = iphoneos;
				SWIFT_COMPILATION_MODE = wholemodule;
				VALIDATE_PRODUCT = YES;
			};
			name = Release;
		};
		0CAC0FCC2FF5099A00BC0270 /* Debug */ = {
			isa = XCBuildConfiguration;
			baseConfigurationReference = CE7BEC2F3CFAD0D8C885EC81 /* Pods-FlutterContainerDemoTests.debug.xcconfig */;
			buildSettings = {
				BUNDLE_LOADER = "$(TEST_HOST)";
				CODE_SIGN_STYLE = Automatic;
				CURRENT_PROJECT_VERSION = 1;
				GENERATE_INFOPLIST_FILE = YES;
				IPHONEOS_DEPLOYMENT_TARGET = 18.2;
				MARKETING_VERSION = 1.0;
				PRODUCT_BUNDLE_IDENTIFIER = com.maocf.FlutterContainerDemoTests;
				PRODUCT_NAME = "$(TARGET_NAME)";
				SWIFT_EMIT_LOC_STRINGS = NO;
				SWIFT_VERSION = 5.0;
				TARGETED_DEVICE_FAMILY = "1,2";
				TEST_HOST = "$(BUILT_PRODUCTS_DIR)/FlutterContainerDemo.app/$(BUNDLE_EXECUTABLE_FOLDER_PATH)/FlutterContainerDemo";
			};
			name = Debug;
		};
		0CAC0FCD2FF5099A00BC0270 /* Release */ = {
			isa = XCBuildConfiguration;
			baseConfigurationReference = 6CA6D49C38A783689EA2602C /* Pods-FlutterContainerDemoTests.release.xcconfig */;
			buildSettings = {
				BUNDLE_LOADER = "$(TEST_HOST)";
				CODE_SIGN_STYLE = Automatic;
				CURRENT_PROJECT_VERSION = 1;
				GENERATE_INFOPLIST_FILE = YES;
				IPHONEOS_DEPLOYMENT_TARGET = 18.2;
				MARKETING_VERSION = 1.0;
				PRODUCT_BUNDLE_IDENTIFIER = com.maocf.FlutterContainerDemoTests;
				PRODUCT_NAME = "$(TARGET_NAME)";
				SWIFT_EMIT_LOC_STRINGS = NO;
				SWIFT_VERSION = 5.0;
				TARGETED_DEVICE_FAMILY = "1,2";
				TEST_HOST = "$(BUILT_PRODUCTS_DIR)/FlutterContainerDemo.app/$(BUNDLE_EXECUTABLE_FOLDER_PATH)/FlutterContainerDemo";
			};
			name = Release;
		};
		0CAC0FCF2FF5099A00BC0270 /* Debug */ = {
			isa = XCBuildConfiguration;
			baseConfigurationReference = 9392F8C8114AE96552348503 /* Pods-FlutterContainerDemo-FlutterContainerDemoUITests.debug.xcconfig */;
			buildSettings = {
				CODE_SIGN_STYLE = Automatic;
				CURRENT_PROJECT_VERSION = 1;
				GENERATE_INFOPLIST_FILE = YES;
				MARKETING_VERSION = 1.0;
				PRODUCT_BUNDLE_IDENTIFIER = com.maocf.FlutterContainerDemoUITests;
				PRODUCT_NAME = "$(TARGET_NAME)";
				SWIFT_EMIT_LOC_STRINGS = NO;
				SWIFT_VERSION = 5.0;
				TARGETED_DEVICE_FAMILY = "1,2";
				TEST_TARGET_NAME = FlutterContainerDemo;
			};
			name = Debug;
		};
		0CAC0FD02FF5099A00BC0270 /* Release */ = {
			isa = XCBuildConfiguration;
			baseConfigurationReference = F477B6232094E9E4E0EDE4C9 /* Pods-FlutterContainerDemo-FlutterContainerDemoUITests.release.xcconfig */;
			buildSettings = {
				CODE_SIGN_STYLE = Automatic;
				CURRENT_PROJECT_VERSION = 1;
				GENERATE_INFOPLIST_FILE = YES;
				MARKETING_VERSION = 1.0;
				PRODUCT_BUNDLE_IDENTIFIER = com.maocf.FlutterContainerDemoUITests;
				PRODUCT_NAME = "$(TARGET_NAME)";
				SWIFT_EMIT_LOC_STRINGS = NO;
				SWIFT_VERSION = 5.0;
				TARGETED_DEVICE_FAMILY = "1,2";
				TEST_TARGET_NAME = FlutterContainerDemo;
			};
			name = Release;
		};
/* End XCBuildConfiguration section */

/* Begin XCConfigurationList section */
		0CAC0F982FF5099700BC0270 /* Build configuration list for PBXProject "FlutterContainerDemo" */ = {
			isa = XCConfigurationList;
			buildConfigurations = (
				0CAC0FC92FF5099A00BC0270 /* Debug */,
				0CAC0FCA2FF5099A00BC0270 /* Release */,
			);
			defaultConfigurationIsVisible = 0;
			defaultConfigurationName = Release;
		};
		0CAC0FC62FF5099A00BC0270 /* Build configuration list for PBXNativeTarget "FlutterContainerDemo" */ = {
			isa = XCConfigurationList;
			buildConfigurations = (
				0CAC0FC72FF5099A00BC0270 /* Debug */,
				0CAC0FC82FF5099A00BC0270 /* Release */,
			);
			defaultConfigurationIsVisible = 0;
			defaultConfigurationName = Release;
		};
		0CAC0FCB2FF5099A00BC0270 /* Build configuration list for PBXNativeTarget "FlutterContainerDemoTests" */ = {
			isa = XCConfigurationList;
			buildConfigurations = (
				0CAC0FCC2FF5099A00BC0270 /* Debug */,
				0CAC0FCD2FF5099A00BC0270 /* Release */,
			);
			defaultConfigurationIsVisible = 0;
			defaultConfigurationName = Release;
		};
		0CAC0FCE2FF5099A00BC0270 /* Build configuration list for PBXNativeTarget "FlutterContainerDemoUITests" */ = {
			isa = XCConfigurationList;
			buildConfigurations = (
				0CAC0FCF2FF5099A00BC0270 /* Debug */,
				0CAC0FD02FF5099A00BC0270 /* Release */,
			);
			defaultConfigurationIsVisible = 0;
			defaultConfigurationName = Release;
		};
/* End XCConfigurationList section */
	};
	rootObject = 0CAC0F952FF5099700BC0270 /* Project object */;
}
