// !$*UTF8*$!
{
	archiveVersion = 1;
	classes = {
	};
	objectVersion = 77;
	objects = {

/* Begin PBXContainerItemProxy section */
		0C8CF8702FF278E6007A82E3 /* PBXContainerItemProxy */ = {
			isa = PBXContainerItemProxy;
			containerPortal = 0C8CF8512FF278E3007A82E3 /* Project object */;
			proxyType = 1;
			remoteGlobalIDString = 0C8CF8582FF278E3007A82E3;
			remoteInfo = LowLevelFoundDemo;
		};
		0C8CF87A2FF278E6007A82E3 /* PBXContainerItemProxy */ = {
			isa = PBXContainerItemProxy;
			containerPortal = 0C8CF8512FF278E3007A82E3 /* Project object */;
			proxyType = 1;
			remoteGlobalIDString = 0C8CF8582FF278E3007A82E3;
			remoteInfo = LowLevelFoundDemo;
		};
/* End PBXContainerItemProxy section */

/* Begin PBXFileReference section */
		0C8CF8592FF278E3007A82E3 /* LowLevelFoundDemo.app */ = {isa = PBXFileReference; explicitFileType = wrapper.application; includeInIndex = 0; path = LowLevelFoundDemo.app; sourceTree = BUILT_PRODUCTS_DIR; };
		0C8CF86F2FF278E6007A82E3 /* LowLevelFoundDemoTests.xctest */ = {isa = PBXFileReference; explicitFileType = wrapper.cfbundle; includeInIndex = 0; path = LowLevelFoundDemoTests.xctest; sourceTree = BUILT_PRODUCTS_DIR; };
		0C8CF8792FF278E6007A82E3 /* LowLevelFoundDemoUITests.xctest */ = {isa = PBXFileReference; explicitFileType = wrapper.cfbundle; includeInIndex = 0; path = LowLevelFoundDemoUITests.xctest; sourceTree = BUILT_PRODUCTS_DIR; };
/* End PBXFileReference section */

/* Begin PBXFileSystemSynchronizedBuildFileExceptionSet section */
		0C8CF8812FF278E6007A82E3 /* Exceptions for "LowLevelFoundDemo" folder in "LowLevelFoundDemo" target */ = {
			isa = PBXFileSystemSynchronizedBuildFileExceptionSet;
			membershipExceptions = (
				Info.plist,
			);
			target = 0C8CF8582FF278E3007A82E3 /* LowLevelFoundDemo */;
		};
/* End PBXFileSystemSynchronizedBuildFileExceptionSet section */

/* Begin PBXFileSystemSynchronizedRootGroup section */
		0C8CF85B2FF278E3007A82E3 /* LowLevelFoundDemo */ = {
			isa = PBXFileSystemSynchronizedRootGroup;
			exceptions = (
				0C8CF8812FF278E6007A82E3 /* Exceptions for "LowLevelFoundDemo" folder in "LowLevelFoundDemo" target */,
			);
			path = LowLevelFoundDemo;
			sourceTree = "<group>";
		};
		0C8CF8722FF278E6007A82E3 /* LowLevelFoundDemoTests */ = {
			isa = PBXFileSystemSynchronizedRootGroup;
			path = LowLevelFoundDemoTests;
			sourceTree = "<group>";
		};
		0C8CF87C2FF278E6007A82E3 /* LowLevelFoundDemoUITests */ = {
			isa = PBXFileSystemSynchronizedRootGroup;
			path = LowLevelFoundDemoUITests;
			sourceTree = "<group>";
		};
/* End PBXFileSystemSynchronizedRootGroup section */

/* Begin PBXFrameworksBuildPhase section */
		0C8CF8562FF278E3007A82E3 /* Frameworks */ = {
			isa = PBXFrameworksBuildPhase;
			buildActionMask = 2147483647;
			files = (
			);
			runOnlyForDeploymentPostprocessing = 0;
		};
		0C8CF86C2FF278E6007A82E3 /* Frameworks */ = {
			isa = PBXFrameworksBuildPhase;
			buildActionMask = 2147483647;
			files = (
			);
			runOnlyForDeploymentPostprocessing = 0;
		};
		0C8CF8762FF278E6007A82E3 /* Frameworks */ = {
			isa = PBXFrameworksBuildPhase;
			buildActionMask = 2147483647;
			files = (
			);
			runOnlyForDeploymentPostprocessing = 0;
		};
/* End PBXFrameworksBuildPhase section */

/* Begin PBXGroup section */
		0C8CF8502FF278E3007A82E3 = {
			isa = PBXGroup;
			children = (
				0C8CF85B2FF278E3007A82E3 /* LowLevelFoundDemo */,
				0C8CF8722FF278E6007A82E3 /* LowLevelFoundDemoTests */,
				0C8CF87C2FF278E6007A82E3 /* LowLevelFoundDemoUITests */,
				0C8CF85A2FF278E3007A82E3 /* Products */,
			);
			sourceTree = "<group>";
		};
		0C8CF85A2FF278E3007A82E3 /* Products */ = {
			isa = PBXGroup;
			children = (
				0C8CF8592FF278E3007A82E3 /* LowLevelFoundDemo.app */,
				0C8CF86F2FF278E6007A82E3 /* LowLevelFoundDemoTests.xctest */,
				0C8CF8792FF278E6007A82E3 /* LowLevelFoundDemoUITests.xctest */,
			);
			name = Products;
			sourceTree = "<group>";
		};
/* End PBXGroup section */

/* Begin PBXNativeTarget section */
		0C8CF8582FF278E3007A82E3 /* LowLevelFoundDemo */ = {
			isa = PBXNativeTarget;
			buildConfigurationList = 0C8CF8822FF278E6007A82E3 /* Build configuration list for PBXNativeTarget "LowLevelFoundDemo" */;
			buildPhases = (
				0C8CF8552FF278E3007A82E3 /* Sources */,
				0C8CF8562FF278E3007A82E3 /* Frameworks */,
				0C8CF8572FF278E3007A82E3 /* Resources */,
			);
			buildRules = (
			);
			dependencies = (
			);
			fileSystemSynchronizedGroups = (
				0C8CF85B2FF278E3007A82E3 /* LowLevelFoundDemo */,
			);
			name = LowLevelFoundDemo;
			packageProductDependencies = (
			);
			productName = LowLevelFoundDemo;
			productReference = 0C8CF8592FF278E3007A82E3 /* LowLevelFoundDemo.app */;
			productType = "com.apple.product-type.application";
		};
		0C8CF86E2FF278E6007A82E3 /* LowLevelFoundDemoTests */ = {
			isa = PBXNativeTarget;
			buildConfigurationList = 0C8CF8872FF278E6007A82E3 /* Build configuration list for PBXNativeTarget "LowLevelFoundDemoTests" */;
			buildPhases = (
				0C8CF86B2FF278E6007A82E3 /* Sources */,
				0C8CF86C2FF278E6007A82E3 /* Frameworks */,
				0C8CF86D2FF278E6007A82E3 /* Resources */,
			);
			buildRules = (
			);
			dependencies = (
				0C8CF8712FF278E6007A82E3 /* PBXTargetDependency */,
			);
			fileSystemSynchronizedGroups = (
				0C8CF8722FF278E6007A82E3 /* LowLevelFoundDemoTests */,
			);
			name = LowLevelFoundDemoTests;
			packageProductDependencies = (
			);
			productName = LowLevelFoundDemoTests;
			productReference = 0C8CF86F2FF278E6007A82E3 /* LowLevelFoundDemoTests.xctest */;
			productType = "com.apple.product-type.bundle.unit-test";
		};
		0C8CF8782FF278E6007A82E3 /* LowLevelFoundDemoUITests */ = {
			isa = PBXNativeTarget;
			buildConfigurationList = 0C8CF88A2FF278E6007A82E3 /* Build configuration list for PBXNativeTarget "LowLevelFoundDemoUITests" */;
			buildPhases = (
				0C8CF8752FF278E6007A82E3 /* Sources */,
				0C8CF8762FF278E6007A82E3 /* Frameworks */,
				0C8CF8772FF278E6007A82E3 /* Resources */,
			);
			buildRules = (
			);
			dependencies = (
				0C8CF87B2FF278E6007A82E3 /* PBXTargetDependency */,
			);
			fileSystemSynchronizedGroups = (
				0C8CF87C2FF278E6007A82E3 /* LowLevelFoundDemoUITests */,
			);
			name = LowLevelFoundDemoUITests;
			packageProductDependencies = (
			);
			productName = LowLevelFoundDemoUITests;
			productReference = 0C8CF8792FF278E6007A82E3 /* LowLevelFoundDemoUITests.xctest */;
			productType = "com.apple.product-type.bundle.ui-testing";
		};
/* End PBXNativeTarget section */

/* Begin PBXProject section */
		0C8CF8512FF278E3007A82E3 /* Project object */ = {
			isa = PBXProject;
			attributes = {
				BuildIndependentTargetsInParallel = 1;
				LastSwiftUpdateCheck = 1620;
				LastUpgradeCheck = 1620;
				TargetAttributes = {
					0C8CF8582FF278E3007A82E3 = {
						CreatedOnToolsVersion = 16.2;
					};
					0C8CF86E2FF278E6007A82E3 = {
						CreatedOnToolsVersion = 16.2;
						TestTargetID = 0C8CF8582FF278E3007A82E3;
					};
					0C8CF8782FF278E6007A82E3 = {
						CreatedOnToolsVersion = 16.2;
						TestTargetID = 0C8CF8582FF278E3007A82E3;
					};
				};
			};
			buildConfigurationList = 0C8CF8542FF278E3007A82E3 /* Build configuration list for PBXProject "LowLevelFoundDemo" */;
			developmentRegion = en;
			hasScannedForEncodings = 0;
			knownRegions = (
				en,
				Base,
			);
			mainGroup = 0C8CF8502FF278E3007A82E3;
			minimizedProjectReferenceProxies = 1;
			preferredProjectObjectVersion = 77;
			productRefGroup = 0C8CF85A2FF278E3007A82E3 /* Products */;
			projectDirPath = "";
			projectRoot = "";
			targets = (
				0C8CF8582FF278E3007A82E3 /* LowLevelFoundDemo */,
				0C8CF86E2FF278E6007A82E3 /* LowLevelFoundDemoTests */,
				0C8CF8782FF278E6007A82E3 /* LowLevelFoundDemoUITests */,
			);
		};
/* End PBXProject section */

/* Begin PBXResourcesBuildPhase section */
		0C8CF8572FF278E3007A82E3 /* Resources */ = {
			isa = PBXResourcesBuildPhase;
			buildActionMask = 2147483647;
			files = (
			);
			runOnlyForDeploymentPostprocessing = 0;
		};
		0C8CF86D2FF278E6007A82E3 /* Resources */ = {
			isa = PBXResourcesBuildPhase;
			buildActionMask = 2147483647;
			files = (
			);
			runOnlyForDeploymentPostprocessing = 0;
		};
		0C8CF8772FF278E6007A82E3 /* Resources */ = {
			isa = PBXResourcesBuildPhase;
			buildActionMask = 2147483647;
			files = (
			);
			runOnlyForDeploymentPostprocessing = 0;
		};
/* End PBXResourcesBuildPhase section */

/* Begin PBXSourcesBuildPhase section */
		0C8CF8552FF278E3007A82E3 /* Sources */ = {
			isa = PBXSourcesBuildPhase;
			buildActionMask = 2147483647;
			files = (
			);
			runOnlyForDeploymentPostprocessing = 0;
		};
		0C8CF86B2FF278E6007A82E3 /* Sources */ = {
			isa = PBXSourcesBuildPhase;
			buildActionMask = 2147483647;
			files = (
			);
			runOnlyForDeploymentPostprocessing = 0;
		};
		0C8CF8752FF278E6007A82E3 /* Sources */ = {
			isa = PBXSourcesBuildPhase;
			buildActionMask = 2147483647;
			files = (
			);
			runOnlyForDeploymentPostprocessing = 0;
		};
/* End PBXSourcesBuildPhase section */

/* Begin PBXTargetDependency section */
		0C8CF8712FF278E6007A82E3 /* PBXTargetDependency */ = {
			isa = PBXTargetDependency;
			target = 0C8CF8582FF278E3007A82E3 /* LowLevelFoundDemo */;
			targetProxy = 0C8CF8702FF278E6007A82E3 /* PBXContainerItemProxy */;
		};
		0C8CF87B2FF278E6007A82E3 /* PBXTargetDependency */ = {
			isa = PBXTargetDependency;
			target = 0C8CF8582FF278E3007A82E3 /* LowLevelFoundDemo */;
			targetProxy = 0C8CF87A2FF278E6007A82E3 /* PBXContainerItemProxy */;
		};
/* End PBXTargetDependency section */

/* Begin XCBuildConfiguration section */
		0C8CF8832FF278E6007A82E3 /* Debug */ = {
			isa = XCBuildConfiguration;
			buildSettings = {
				ASSETCATALOG_COMPILER_APPICON_NAME = AppIcon;
				ASSETCATALOG_COMPILER_GLOBAL_ACCENT_COLOR_NAME = AccentColor;
				CODE_SIGN_STYLE = Automatic;
				CURRENT_PROJECT_VERSION = 1;
				GENERATE_INFOPLIST_FILE = YES;
				INFOPLIST_FILE = LowLevelFoundDemo/Info.plist;
				INFOPLIST_KEY_UIApplicationSupportsIndirectInputEvents = YES;
				INFOPLIST_KEY_UILaunchStoryboardName = LaunchScreen;
				INFOPLIST_KEY_UIMainStoryboardFile = Main;
				INFOPLIST_KEY_UISupportedInterfaceOrientations_iPad = "UIInterfaceOrientationPortrait UIInterfaceOrientationPortraitUpsideDown UIInterfaceOrientationLandscapeLeft UIInterfaceOrientationLandscapeRight";
				INFOPLIST_KEY_UISupportedInterfaceOrientations_iPhone = "UIInterfaceOrientationPortrait UIInterfaceOrientationLandscapeLeft UIInterfaceOrientationLandscapeRight";
				LD_RUNPATH_SEARCH_PATHS = (
					"$(inherited)",
					"@executable_path/Frameworks",
				);
				MARKETING_VERSION = 1.0;
				PRODUCT_BUNDLE_IDENTIFIER = com.maocf.LowLevelFoundDemo;
				PRODUCT_NAME = "$(TARGET_NAME)";
				SWIFT_EMIT_LOC_STRINGS = YES;
				SWIFT_VERSION = 5.0;
				TARGETED_DEVICE_FAMILY = "1,2";
			};
			name = Debug;
		};
		0C8CF8842FF278E6007A82E3 /* Release */ = {
			isa = XCBuildConfiguration;
			buildSettings = {
				ASSETCATALOG_COMPILER_APPICON_NAME = AppIcon;
				ASSETCATALOG_COMPILER_GLOBAL_ACCENT_COLOR_NAME = AccentColor;
				CODE_SIGN_STYLE = Automatic;
				CURRENT_PROJECT_VERSION = 1;
				GENERATE_INFOPLIST_FILE = YES;
				INFOPLIST_FILE = LowLevelFoundDemo/Info.plist;
				INFOPLIST_KEY_UIApplicationSupportsIndirectInputEvents = YES;
				INFOPLIST_KEY_UILaunchStoryboardName = LaunchScreen;
				INFOPLIST_KEY_UIMainStoryboardFile = Main;
				INFOPLIST_KEY_UISupportedInterfaceOrientations_iPad = "UIInterfaceOrientationPortrait UIInterfaceOrientationPortraitUpsideDown UIInterfaceOrientationLandscapeLeft UIInterfaceOrientationLandscapeRight";
				INFOPLIST_KEY_UISupportedInterfaceOrientations_iPhone = "UIInterfaceOrientationPortrait UIInterfaceOrientationLandscapeLeft UIInterfaceOrientationLandscapeRight";
				LD_RUNPATH_SEARCH_PATHS = (
					"$(inherited)",
					"@executable_path/Frameworks",
				);
				MARKETING_VERSION = 1.0;
				PRODUCT_BUNDLE_IDENTIFIER = com.maocf.LowLevelFoundDemo;
				PRODUCT_NAME = "$(TARGET_NAME)";
				SWIFT_EMIT_LOC_STRINGS = YES;
				SWIFT_VERSION = 5.0;
				TARGETED_DEVICE_FAMILY = "1,2";
			};
			name = Release;
		};
		0C8CF8852FF278E6007A82E3 /* Debug */ = {
			isa = XCBuildConfiguration;
			buildSettings = {
				ALWAYS_SEARCH_USER_PATHS = NO;
				ASSETCATALOG_COMPILER_GENERATE_SWIFT_ASSET_SYMBOL_EXTENSIONS = YES;
				CLANG_ANALYZER_NONNULL = YES;
				CLANG_ANALYZER_NUMBER_OBJECT_CONVERSION = YES_AGGRESSIVE;
				CLANG_CXX_LANGUAGE_STANDARD = "gnu++20";
				CLANG_ENABLE_MODULES = YES;
				CLANG_ENABLE_OBJC_ARC = YES;
				CLANG_ENABLE_OBJC_WEAK = YES;
				CLANG_WARN_BLOCK_CAPTURE_AUTORELEASING = YES;
				CLANG_WARN_BOOL_CONVERSION = YES;
				CLANG_WARN_COMMA = YES;
				CLANG_WARN_CONSTANT_CONVERSION = YES;
				CLANG_WARN_DEPRECATED_OBJC_IMPLEMENTATIONS = YES;
				CLANG_WARN_DIRECT_OBJC_ISA_USAGE = YES_ERROR;
				CLANG_WARN_DOCUMENTATION_COMMENTS = YES;
				CLANG_WARN_EMPTY_BODY = YES;
				CLANG_WARN_ENUM_CONVERSION = YES;
				CLANG_WARN_INFINITE_RECURSION = YES;
				CLANG_WARN_INT_CONVERSION = YES;
				CLANG_WARN_NON_LITERAL_NULL_CONVERSION = YES;
				CLANG_WARN_OBJC_IMPLICIT_RETAIN_SELF = YES;
				CLANG_WARN_OBJC_LITERAL_CONVERSION = YES;
				CLANG_WARN_OBJC_ROOT_CLASS = YES_ERROR;
				CLANG_WARN_QUOTED_INCLUDE_IN_FRAMEWORK_HEADER = YES;
				CLANG_WARN_RANGE_LOOP_ANALYSIS = YES;
				CLANG_WARN_STRICT_PROTOTYPES = YES;
				CLANG_WARN_SUSPICIOUS_MOVE = YES;
				CLANG_WARN_UNGUARDED_AVAILABILITY = YES_AGGRESSIVE;
				CLANG_WARN_UNREACHABLE_CODE = YES;
				CLANG_WARN__DUPLICATE_METHOD_MATCH = YES;
				COPY_PHASE_STRIP = NO;
				DEBUG_INFORMATION_FORMAT = dwarf;
				ENABLE_STRICT_OBJC_MSGSEND = YES;
				ENABLE_TESTABILITY = YES;
				ENABLE_USER_SCRIPT_SANDBOXING = YES;
				GCC_C_LANGUAGE_STANDARD = gnu17;
				GCC_DYNAMIC_NO_PIC = NO;
				GCC_NO_COMMON_BLOCKS = YES;
				GCC_OPTIMIZATION_LEVEL = 0;
				GCC_PREPROCESSOR_DEFINITIONS = (
					"DEBUG=1",
					"$(inherited)",
				);
				GCC_WARN_64_TO_32_BIT_CONVERSION = YES;
				GCC_WARN_ABOUT_RETURN_TYPE = YES_ERROR;
				GCC_WARN_UNDECLARED_SELECTOR = YES;
				GCC_WARN_UNINITIALIZED_AUTOS = YES_AGGRESSIVE;
				GCC_WARN_UNUSED_FUNCTION = YES;
				GCC_WARN_UNUSED_VARIABLE = YES;
				IPHONEOS_DEPLOYMENT_TARGET = 18.2;
				LOCALIZATION_PREFERS_STRING_CATALOGS = YES;
				MTL_ENABLE_DEBUG_INFO = INCLUDE_SOURCE;
				MTL_FAST_MATH = YES;
				ONLY_ACTIVE_ARCH = YES;
				SDKROOT = iphoneos;
				SWIFT_ACTIVE_COMPILATION_CONDITIONS = "DEBUG $(inherited)";
				SWIFT_OPTIMIZATION_LEVEL = "-Onone";
			};
			name = Debug;
		};
		0C8CF8862FF278E6007A82E3 /* Release */ = {
			isa = XCBuildConfiguration;
			buildSettings = {
				ALWAYS_SEARCH_USER_PATHS = NO;
				ASSETCATALOG_COMPILER_GENERATE_SWIFT_ASSET_SYMBOL_EXTENSIONS = YES;
				CLANG_ANALYZER_NONNULL = YES;
				CLANG_ANALYZER_NUMBER_OBJECT_CONVERSION = YES_AGGRESSIVE;
				CLANG_CXX_LANGUAGE_STANDARD = "gnu++20";
				CLANG_ENABLE_MODULES = YES;
				CLANG_ENABLE_OBJC_ARC = YES;
				CLANG_ENABLE_OBJC_WEAK = YES;
				CLANG_WARN_BLOCK_CAPTURE_AUTORELEASING = YES;
				CLANG_WARN_BOOL_CONVERSION = YES;
				CLANG_WARN_COMMA = YES;
				CLANG_WARN_CONSTANT_CONVERSION = YES;
				CLANG_WARN_DEPRECATED_OBJC_IMPLEMENTATIONS = YES;
				CLANG_WARN_DIRECT_OBJC_ISA_USAGE = YES_ERROR;
				CLANG_WARN_DOCUMENTATION_COMMENTS = YES;
				CLANG_WARN_EMPTY_BODY = YES;
				CLANG_WARN_ENUM_CONVERSION = YES;
				CLANG_WARN_INFINITE_RECURSION = YES;
				CLANG_WARN_INT_CONVERSION = YES;
				CLANG_WARN_NON_LITERAL_NULL_CONVERSION = YES;
				CLANG_WARN_OBJC_IMPLICIT_RETAIN_SELF = YES;
				CLANG_WARN_OBJC_LITERAL_CONVERSION = YES;
				CLANG_WARN_OBJC_ROOT_CLASS = YES_ERROR;
				CLANG_WARN_QUOTED_INCLUDE_IN_FRAMEWORK_HEADER = YES;
				CLANG_WARN_RANGE_LOOP_ANALYSIS = YES;
				CLANG_WARN_STRICT_PROTOTYPES = YES;
				CLANG_WARN_SUSPICIOUS_MOVE = YES;
				CLANG_WARN_UNGUARDED_AVAILABILITY = YES_AGGRESSIVE;
				CLANG_WARN_UNREACHABLE_CODE = YES;
				CLANG_WARN__DUPLICATE_METHOD_MATCH = YES;
				COPY_PHASE_STRIP = NO;
				DEBUG_INFORMATION_FORMAT = "dwarf-with-dsym";
				ENABLE_NS_ASSERTIONS = NO;
				ENABLE_STRICT_OBJC_MSGSEND = YES;
				ENABLE_USER_SCRIPT_SANDBOXING = YES;
				GCC_C_LANGUAGE_STANDARD = gnu17;
				GCC_NO_COMMON_BLOCKS = YES;
				GCC_WARN_64_TO_32_BIT_CONVERSION = YES;
				GCC_WARN_ABOUT_RETURN_TYPE = YES_ERROR;
				GCC_WARN_UNDECLARED_SELECTOR = YES;
				GCC_WARN_UNINITIALIZED_AUTOS = YES_AGGRESSIVE;
				GCC_WARN_UNUSED_FUNCTION = YES;
				GCC_WARN_UNUSED_VARIABLE = YES;
				IPHONEOS_DEPLOYMENT_TARGET = 18.2;
				LOCALIZATION_PREFERS_STRING_CATALOGS = YES;
				MTL_ENABLE_DEBUG_INFO = NO;
				MTL_FAST_MATH = YES;
				SDKROOT = iphoneos;
				SWIFT_COMPILATION_MODE = wholemodule;
				VALIDATE_PRODUCT = YES;
			};
			name = Release;
		};
		0C8CF8882FF278E6007A82E3 /* Debug */ = {
			isa = XCBuildConfiguration;
			buildSettings = {
				BUNDLE_LOADER = "$(TEST_HOST)";
				CODE_SIGN_STYLE = Automatic;
				CURRENT_PROJECT_VERSION = 1;
				GENERATE_INFOPLIST_FILE = YES;
				IPHONEOS_DEPLOYMENT_TARGET = 18.2;
				MARKETING_VERSION = 1.0;
				PRODUCT_BUNDLE_IDENTIFIER = com.maocf.LowLevelFoundDemoTests;
				PRODUCT_NAME = "$(TARGET_NAME)";
				SWIFT_EMIT_LOC_STRINGS = NO;
				SWIFT_VERSION = 5.0;
				TARGETED_DEVICE_FAMILY = "1,2";
				TEST_HOST = "$(BUILT_PRODUCTS_DIR)/LowLevelFoundDemo.app/$(BUNDLE_EXECUTABLE_FOLDER_PATH)/LowLevelFoundDemo";
			};
			name = Debug;
		};
		0C8CF8892FF278E6007A82E3 /* Release */ = {
			isa = XCBuildConfiguration;
			buildSettings = {
				BUNDLE_LOADER = "$(TEST_HOST)";
				CODE_SIGN_STYLE = Automatic;
				CURRENT_PROJECT_VERSION = 1;
				GENERATE_INFOPLIST_FILE = YES;
				IPHONEOS_DEPLOYMENT_TARGET = 18.2;
				MARKETING_VERSION = 1.0;
				PRODUCT_BUNDLE_IDENTIFIER = com.maocf.LowLevelFoundDemoTests;
				PRODUCT_NAME = "$(TARGET_NAME)";
				SWIFT_EMIT_LOC_STRINGS = NO;
				SWIFT_VERSION = 5.0;
				TARGETED_DEVICE_FAMILY = "1,2";
				TEST_HOST = "$(BUILT_PRODUCTS_DIR)/LowLevelFoundDemo.app/$(BUNDLE_EXECUTABLE_FOLDER_PATH)/LowLevelFoundDemo";
			};
			name = Release;
		};
		0C8CF88B2FF278E6007A82E3 /* Debug */ = {
			isa = XCBuildConfiguration;
			buildSettings = {
				CODE_SIGN_STYLE = Automatic;
				CURRENT_PROJECT_VERSION = 1;
				GENERATE_INFOPLIST_FILE = YES;
				MARKETING_VERSION = 1.0;
				PRODUCT_BUNDLE_IDENTIFIER = com.maocf.LowLevelFoundDemoUITests;
				PRODUCT_NAME = "$(TARGET_NAME)";
				SWIFT_EMIT_LOC_STRINGS = NO;
				SWIFT_VERSION = 5.0;
				TARGETED_DEVICE_FAMILY = "1,2";
				TEST_TARGET_NAME = LowLevelFoundDemo;
			};
			name = Debug;
		};
		0C8CF88C2FF278E6007A82E3 /* Release */ = {
			isa = XCBuildConfiguration;
			buildSettings = {
				CODE_SIGN_STYLE = Automatic;
				CURRENT_PROJECT_VERSION = 1;
				GENERATE_INFOPLIST_FILE = YES;
				MARKETING_VERSION = 1.0;
				PRODUCT_BUNDLE_IDENTIFIER = com.maocf.LowLevelFoundDemoUITests;
				PRODUCT_NAME = "$(TARGET_NAME)";
				SWIFT_EMIT_LOC_STRINGS = NO;
				SWIFT_VERSION = 5.0;
				TARGETED_DEVICE_FAMILY = "1,2";
				TEST_TARGET_NAME = LowLevelFoundDemo;
			};
			name = Release;
		};
/* End XCBuildConfiguration section */

/* Begin XCConfigurationList section */
		0C8CF8542FF278E3007A82E3 /* Build configuration list for PBXProject "LowLevelFoundDemo" */ = {
			isa = XCConfigurationList;
			buildConfigurations = (
				0C8CF8852FF278E6007A82E3 /* Debug */,
				0C8CF8862FF278E6007A82E3 /* Release */,
			);
			defaultConfigurationIsVisible = 0;
			defaultConfigurationName = Release;
		};
		0C8CF8822FF278E6007A82E3 /* Build configuration list for PBXNativeTarget "LowLevelFoundDemo" */ = {
			isa = XCConfigurationList;
			buildConfigurations = (
				0C8CF8832FF278E6007A82E3 /* Debug */,
				0C8CF8842FF278E6007A82E3 /* Release */,
			);
			defaultConfigurationIsVisible = 0;
			defaultConfigurationName = Release;
		};
		0C8CF8872FF278E6007A82E3 /* Build configuration list for PBXNativeTarget "LowLevelFoundDemoTests" */ = {
			isa = XCConfigurationList;
			buildConfigurations = (
				0C8CF8882FF278E6007A82E3 /* Debug */,
				0C8CF8892FF278E6007A82E3 /* Release */,
			);
			defaultConfigurationIsVisible = 0;
			defaultConfigurationName = Release;
		};
		0C8CF88A2FF278E6007A82E3 /* Build configuration list for PBXNativeTarget "LowLevelFoundDemoUITests" */ = {
			isa = XCConfigurationList;
			buildConfigurations = (
				0C8CF88B2FF278E6007A82E3 /* Debug */,
				0C8CF88C2FF278E6007A82E3 /* Release */,
			);
			defaultConfigurationIsVisible = 0;
			defaultConfigurationName = Release;
		};
/* End XCConfigurationList section */
	};
	rootObject = 0C8CF8512FF278E3007A82E3 /* Project object */;
}
